
Microsoft Visual Studio Solution File, Format Version 12.00
# Visual Studio Version 17
VisualStudioVersion = 17.9.34902.65
MinimumVisualStudioVersion = 10.0.40219.1
Project("{FAE04EC0-301F-11D3-BF4B-00C04F79EFBC}") = "Assignment 7.2.3 Is it an Anagram", "Assignment 7.2.3 Is it an Anagram.csproj", "{EA8E1001-1CBC-451E-8A91-D8EAC9795D20}"
EndProject
Global
	GlobalSection(SolutionConfigurationPlatforms) = preSolution
		Debug|Any CPU = Debug|Any CPU
		Release|Any CPU = Release|Any CPU
	EndGlobalSection
	GlobalSection(ProjectConfigurationPlatforms) = postSolution
		{EA8E1001-1CBC-451E-8A91-D8EAC9795D20}.Debug|Any CPU.ActiveCfg = Debug|Any CPU
		{EA8E1001-1CBC-451E-8A91-D8EAC9795D20}.Debug|Any CPU.Build.0 = Debug|Any CPU
		{EA8E1001-1CBC-451E-8A91-D8EAC9795D20}.Release|Any CPU.ActiveCfg = Release|Any CPU
		{EA8E1001-1CBC-451E-8A91-D8EAC9795D20}.Release|Any CPU.Build.0 = Release|Any CPU
	EndGlobalSection
	GlobalSection(SolutionProperties) = preSolution
		HideSolutionNode = FALSE
	EndGlobalSection
	GlobalSection(ExtensibilityGlobals) = postSolution
		SolutionGuid = {14E3322B-C0FB-4EDB-8957-E969B5E6DDEE}
	EndGlobalSection
EndGlobal
